
Microsoft Visual Studio Solution File, Format Version 12.00
# Visual Studio 14
VisualStudioVersion = 14.0.25123.0
MinimumVisualStudioVersion = 10.0.40219.1
Project("{FAE04EC0-301F-11D3-BF4B-00C04F79EFBC}") = "PersonalTitles", "PersonalTitles\PersonalTitles.csproj", "{F332EE2F-1D5F-424A-AA6D-424E91079881}"
EndProject
Project("{FAE04EC0-301F-11D3-BF4B-00C04F79EFBC}") = "SmallShop", "SmallShop\SmallShop.csproj", "{E1782E4B-338D-4F25-AD38-A8F405BFEF6D}"
EndProject
Project("{FAE04EC0-301F-11D3-BF4B-00C04F79EFBC}") = "PointInRectangle", "PointInRectangle\PointInRectangle.csproj", "{5CCBC116-23C0-42B8-B064-741D28449285}"
EndProject
Project("{FAE04EC0-301F-11D3-BF4B-00C04F79EFBC}") = "FruitOrVegetable", "FruitOrVegetable\FruitOrVegetable.csproj", "{6D4BB763-B066-4DDD-9DEB-E641667C2B3E}"
EndProject
Project("{FAE04EC0-301F-11D3-BF4B-00C04F79EFBC}") = "InvalidNumber", "InvalidNumber\InvalidNumber.csproj", "{E9B5AE6D-54CA-4205-BD71-311CCA7E2D76}"
EndProject
Project("{FAE04EC0-301F-11D3-BF4B-00C04F79EFBC}") = "PointOnRectangleBorder", "PointOnRectangleBorder\PointOnRectangleBorder.csproj", "{8D1A29B9-C459-463B-BE82-AA250279A62D}"
EndProject
Project("{FAE04EC0-301F-11D3-BF4B-00C04F79EFBC}") = "FruitShop", "FruitShop\FruitShop.csproj", "{A319DA2E-4C8C-4EF1-BB4B-8B1747B097EF}"
EndProject
Project("{FAE04EC0-301F-11D3-BF4B-00C04F79EFBC}") = "TradeComissions", "TradeComissions\TradeComissions.csproj", "{3F7F6E91-505C-42D4-8647-B957C0B28B9C}"
EndProject
Project("{FAE04EC0-301F-11D3-BF4B-00C04F79EFBC}") = "DayOfWeek", "DayOfWeek\DayOfWeek.csproj", "{00D9A54F-7AC8-4BC5-A1C2-69DE777990DE}"
EndProject
Project("{FAE04EC0-301F-11D3-BF4B-00C04F79EFBC}") = "AnimalType", "AnimalType\AnimalType.csproj", "{0C28D1CF-901F-4625-90DE-992F003483C9}"
EndProject
Project("{FAE04EC0-301F-11D3-BF4B-00C04F79EFBC}") = "Cinema", "Cinema\Cinema.csproj", "{22E41A9D-DBBE-4E2B-A601-98DC0D8919B2}"
EndProject
Project("{FAE04EC0-301F-11D3-BF4B-00C04F79EFBC}") = "Volleyball", "Volleyball\Volleyball.csproj", "{9475C4DE-F081-4BAF-92A5-7698A623879B}"
EndProject
Project("{FAE04EC0-301F-11D3-BF4B-00C04F79EFBC}") = "PointInFigure", "PointInFigure\PointInFigure.csproj", "{F89DE35A-3457-4CF5-A145-50496A74E214}"
EndProject
Project("{FAE04EC0-301F-11D3-BF4B-00C04F79EFBC}") = "OnTimeForExam", "OnTimeForExam\OnTimeForExam.csproj", "{025132A7-5821-47B6-9761-0961404C877F}"
EndProject
Global
	GlobalSection(SolutionConfigurationPlatforms) = preSolution
		Debug|Any CPU = Debug|Any CPU
		Release|Any CPU = Release|Any CPU
	EndGlobalSection
	GlobalSection(ProjectConfigurationPlatforms) = postSolution
		{F332EE2F-1D5F-424A-AA6D-424E91079881}.Debug|Any CPU.ActiveCfg = Debug|Any CPU
		{F332EE2F-1D5F-424A-AA6D-424E91079881}.Debug|Any CPU.Build.0 = Debug|Any CPU
		{F332EE2F-1D5F-424A-AA6D-424E91079881}.Release|Any CPU.ActiveCfg = Release|Any CPU
		{F332EE2F-1D5F-424A-AA6D-424E91079881}.Release|Any CPU.Build.0 = Release|Any CPU
		{E1782E4B-338D-4F25-AD38-A8F405BFEF6D}.Debug|Any CPU.ActiveCfg = Debug|Any CPU
		{E1782E4B-338D-4F25-AD38-A8F405BFEF6D}.Debug|Any CPU.Build.0 = Debug|Any CPU
		{E1782E4B-338D-4F25-AD38-A8F405BFEF6D}.Release|Any CPU.ActiveCfg = Release|Any CPU
		{E1782E4B-338D-4F25-AD38-A8F405BFEF6D}.Release|Any CPU.Build.0 = Release|Any CPU
		{5CCBC116-23C0-42B8-B064-741D28449285}.Debug|Any CPU.ActiveCfg = Debug|Any CPU
		{5CCBC116-23C0-42B8-B064-741D28449285}.Debug|Any CPU.Build.0 = Debug|Any CPU
		{5CCBC116-23C0-42B8-B064-741D28449285}.Release|Any CPU.ActiveCfg = Release|Any CPU
		{5CCBC116-23C0-42B8-B064-741D28449285}.Release|Any CPU.Build.0 = Release|Any CPU
		{6D4BB763-B066-4DDD-9DEB-E641667C2B3E}.Debug|Any CPU.ActiveCfg = Debug|Any CPU
		{6D4BB763-B066-4DDD-9DEB-E641667C2B3E}.Debug|Any CPU.Build.0 = Debug|Any CPU
		{6D4BB763-B066-4DDD-9DEB-E641667C2B3E}.Release|Any CPU.ActiveCfg = Release|Any CPU
		{6D4BB763-B066-4DDD-9DEB-E641667C2B3E}.Release|Any CPU.Build.0 = Release|Any CPU
		{E9B5AE6D-54CA-4205-BD71-311CCA7E2D76}.Debug|Any CPU.ActiveCfg = Debug|Any CPU
		{E9B5AE6D-54CA-4205-BD71-311CCA7E2D76}.Debug|Any CPU.Build.0 = Debug|Any CPU
		{E9B5AE6D-54CA-4205-BD71-311CCA7E2D76}.Release|Any CPU.ActiveCfg = Release|Any CPU
		{E9B5AE6D-54CA-4205-BD71-311CCA7E2D76}.Release|Any CPU.Build.0 = Release|Any CPU
		{8D1A29B9-C459-463B-BE82-AA250279A62D}.Debug|Any CPU.ActiveCfg = Debug|Any CPU
		{8D1A29B9-C459-463B-BE82-AA250279A62D}.Debug|Any CPU.Build.0 = Debug|Any CPU
		{8D1A29B9-C459-463B-BE82-AA250279A62D}.Release|Any CPU.ActiveCfg = Release|Any CPU
		{8D1A29B9-C459-463B-BE82-AA250279A62D}.Release|Any CPU.Build.0 = Release|Any CPU
		{A319DA2E-4C8C-4EF1-BB4B-8B1747B097EF}.Debug|Any CPU.ActiveCfg = Debug|Any CPU
		{A319DA2E-4C8C-4EF1-BB4B-8B1747B097EF}.Debug|Any CPU.Build.0 = Debug|Any CPU
		{A319DA2E-4C8C-4EF1-BB4B-8B1747B097EF}.Release|Any CPU.ActiveCfg = Release|Any CPU
		{A319DA2E-4C8C-4EF1-BB4B-8B1747B097EF}.Release|Any CPU.Build.0 = Release|Any CPU
		{3F7F6E91-505C-42D4-8647-B957C0B28B9C}.Debug|Any CPU.ActiveCfg = Debug|Any CPU
		{3F7F6E91-505C-42D4-8647-B957C0B28B9C}.Debug|Any CPU.Build.0 = Debug|Any CPU
		{3F7F6E91-505C-42D4-8647-B957C0B28B9C}.Release|Any CPU.ActiveCfg = Release|Any CPU
		{3F7F6E91-505C-42D4-8647-B957C0B28B9C}.Release|Any CPU.Build.0 = Release|Any CPU
		{00D9A54F-7AC8-4BC5-A1C2-69DE777990DE}.Debug|Any CPU.ActiveCfg = Debug|Any CPU
		{00D9A54F-7AC8-4BC5-A1C2-69DE777990DE}.Debug|Any CPU.Build.0 = Debug|Any CPU
		{00D9A54F-7AC8-4BC5-A1C2-69DE777990DE}.Release|Any CPU.ActiveCfg = Release|Any CPU
		{00D9A54F-7AC8-4BC5-A1C2-69DE777990DE}.Release|Any CPU.Build.0 = Release|Any CPU
		{0C28D1CF-901F-4625-90DE-992F003483C9}.Debug|Any CPU.ActiveCfg = Debug|Any CPU
		{0C28D1CF-901F-4625-90DE-992F003483C9}.Debug|Any CPU.Build.0 = Debug|Any CPU
		{0C28D1CF-901F-4625-90DE-992F003483C9}.Release|Any CPU.ActiveCfg = Release|Any CPU
		{0C28D1CF-901F-4625-90DE-992F003483C9}.Release|Any CPU.Build.0 = Release|Any CPU
		{22E41A9D-DBBE-4E2B-A601-98DC0D8919B2}.Debug|Any CPU.ActiveCfg = Debug|Any CPU
		{22E41A9D-DBBE-4E2B-A601-98DC0D8919B2}.Debug|Any CPU.Build.0 = Debug|Any CPU
		{22E41A9D-DBBE-4E2B-A601-98DC0D8919B2}.Release|Any CPU.ActiveCfg = Release|Any CPU
		{22E41A9D-DBBE-4E2B-A601-98DC0D8919B2}.Release|Any CPU.Build.0 = Release|Any CPU
		{9475C4DE-F081-4BAF-92A5-7698A623879B}.Debug|Any CPU.ActiveCfg = Debug|Any CPU
		{9475C4DE-F081-4BAF-92A5-7698A623879B}.Debug|Any CPU.Build.0 = Debug|Any CPU
		{9475C4DE-F081-4BAF-92A5-7698A623879B}.Release|Any CPU.ActiveCfg = Release|Any CPU
		{9475C4DE-F081-4BAF-92A5-7698A623879B}.Release|Any CPU.Build.0 = Release|Any CPU
		{F89DE35A-3457-4CF5-A145-50496A74E214}.Debug|Any CPU.ActiveCfg = Debug|Any CPU
		{F89DE35A-3457-4CF5-A145-50496A74E214}.Debug|Any CPU.Build.0 = Debug|Any CPU
		{F89DE35A-3457-4CF5-A145-50496A74E214}.Release|Any CPU.ActiveCfg = Release|Any CPU
		{F89DE35A-3457-4CF5-A145-50496A74E214}.Release|Any CPU.Build.0 = Release|Any CPU
		{025132A7-5821-47B6-9761-0961404C877F}.Debug|Any CPU.ActiveCfg = Debug|Any CPU
		{025132A7-5821-47B6-9761-0961404C877F}.Debug|Any CPU.Build.0 = Debug|Any CPU
		{025132A7-5821-47B6-9761-0961404C877F}.Release|Any CPU.ActiveCfg = Release|Any CPU
		{025132A7-5821-47B6-9761-0961404C877F}.Release|Any CPU.Build.0 = Release|Any CPU
	EndGlobalSection
	GlobalSection(SolutionProperties) = preSolution
		HideSolutionNode = FALSE
	EndGlobalSection
EndGlobal
